
Microsoft Visual Studio Solution File, Format Version 12.00
# Visual Studio Version 17
VisualStudioVersion = 17.5.002.0
MinimumVisualStudioVersion = 10.0.40219.1
Project("{9A19103F-16F7-4668-BE54-9A1E7A4F7556}") = "Makavia.Server", "Makavia.Server\Makavia.Server.csproj", "{7A09E3AA-E0F6-4878-AEFE-E40FC203B0BD}"
EndProject
Global
	GlobalSection(SolutionConfigurationPlatforms) = preSolution
		Debug|Any CPU = Debug|Any CPU
		Release|Any CPU = Release|Any CPU
	EndGlobalSection
	GlobalSection(ProjectConfigurationPlatforms) = postSolution
		{7A09E3AA-E0F6-4878-AEFE-E40FC203B0BD}.Debug|Any CPU.ActiveCfg = Debug|Any CPU
		{7A09E3AA-E0F6-4878-AEFE-E40FC203B0BD}.Debug|Any CPU.Build.0 = Debug|Any CPU
		{7A09E3AA-E0F6-4878-AEFE-E40FC203B0BD}.Release|Any CPU.ActiveCfg = Release|Any CPU
		{7A09E3AA-E0F6-4878-AEFE-E40FC203B0BD}.Release|Any CPU.Build.0 = Release|Any CPU
	EndGlobalSection
	GlobalSection(SolutionProperties) = preSolution
		HideSolutionNode = FALSE
	EndGlobalSection
	GlobalSection(ExtensibilityGlobals) = postSolution
		SolutionGuid = {2B61EA08-89CB-4CB3-9B22-60933913BC02}
	EndGlobalSection
EndGlobal
